{
  "nodes": {
    "charcoal": {
      "inputs": {
        "flake-utils": "flake-utils",
        "nixpkgs": [
          "nixpkgs"
        ]
      },
      "locked": {
        "lastModified": 1772149484,
        "narHash": "sha256-InqfCQjpvCYFMlaP9INHqmMnk9v1BFWODXpZJg/Efhc=",
        "owner": "LighghtEeloo",
        "repo": "charcoal",
        "rev": "b4ee069a7f86280fc92f848e6ca8b0525b263c78",
        "type": "github"
      },
      "original": {
        "owner": "LighghtEeloo",
        "ref": "main",
        "repo": "charcoal",
        "type": "github"
      }
    },
    "concord": {
      "inputs": {
        "crane": "crane",
        "flake-utils": "flake-utils_2",
        "nixpkgs": [
          "nixpkgs"
        ],
        "rust-overlay": "rust-overlay"
      },
      "locked": {
        "lastModified": 1783785067,
        "narHash": "sha256-oh631L9Ip3nJ9Gmu5acqJHSFSeEx2DY/lPAEHqaxaD4=",
        "owner": "chojs23",
        "repo": "concord",
        "rev": "56649576d71902fc8b2573326621ee7e85acfc72",
        "type": "github"
      },
      "original": {
        "owner": "chojs23",
        "repo": "concord",
        "type": "github"
      }
    },
    "crane": {
      "locked": {
        "lastModified": 1778106249,
        "narHash": "sha256-cM/AuKy5tMhwOOQIbha8ZRRMHVfNf7cv2aljIw+qoCg=",
        "owner": "ipetkov",
        "repo": "crane",
        "rev": "6d015ea29630b7ad2402841386da2cb617a470a7",
        "type": "github"
      },
      "original": {
        "owner": "ipetkov",
        "repo": "crane",
        "type": "github"
      }
    },
    "crane_2": {
      "locked": {
        "lastModified": 1780532242,
        "narHash": "sha256-D+BsdpxmtUwtqGoY0IXPhHgTlmqgcZKCEo1oMyn7ep0=",
        "owner": "ipetkov",
        "repo": "crane",
        "rev": "59a82a1222dd3b2080b5cc52a1a2e8d5f1b77f37",
        "type": "github"
      },
      "original": {
        "owner": "ipetkov",
        "repo": "crane",
        "type": "github"
      }
    },
    "firefox-addons": {
      "inputs": {
        "nixpkgs": [
          "nixpkgs"
        ]
      },
      "locked": {
        "dir": "pkgs/firefox-addons",
        "lastModified": 1782360145,
        "narHash": "sha256-OpJ69mLITTnnkmZH/3Qk0x8vVbARo9v/0YF+48CLOWo=",
        "owner": "rycee",
        "repo": "nur-expressions",
        "rev": "5962873b682c47d5a2eae247af908bdd6da48580",
        "type": "gitlab"
      },
      "original": {
        "dir": "pkgs/firefox-addons",
        "owner": "rycee",
        "repo": "nur-expressions",
        "type": "gitlab"
      }
    },
    "flake-parts": {
      "inputs": {
        "nixpkgs-lib": [
          "nixvim",
          "nixpkgs"
        ]
      },
      "locked": {
        "lastModified": 1778716662,
        "narHash": "sha256-m1Yf0wZ8j1OHjTc2UwHwyQRSnNeSgLJOd7q5Y45hzi4=",
        "owner": "hercules-ci",
        "repo": "flake-parts",
        "rev": "f7c1a2d347e4c52d5fb8d10cb4d94b5884e546fb",
        "type": "github"
      },
      "original": {
        "owner": "hercules-ci",
        "repo": "flake-parts",
        "type": "github"
      }
    },
    "flake-utils": {
      "inputs": {
        "systems": "systems"
      },
      "locked": {
        "lastModified": 1731533236,
        "narHash": "sha256-l0KFg5HjrsfsO/JpG+r7fRrqm12kzFHyUHqHCVpMMbI=",
        "owner": "numtide",
        "repo": "flake-utils",
        "rev": "11707dc2f618dd54ca8739b309ec4fc024de578b",
        "type": "github"
      },
      "original": {
        "owner": "numtide",
        "repo": "flake-utils",
        "type": "github"
      }
    },
    "flake-utils_2": {
      "inputs": {
        "systems": "systems_2"
      },
      "locked": {
        "lastModified": 1731533236,
        "narHash": "sha256-l0KFg5HjrsfsO/JpG+r7fRrqm12kzFHyUHqHCVpMMbI=",
        "owner": "numtide",
        "repo": "flake-utils",
        "rev": "11707dc2f618dd54ca8739b309ec4fc024de578b",
        "type": "github"
      },
      "original": {
        "owner": "numtide",
        "repo": "flake-utils",
        "type": "github"
      }
    },
    "flake-utils_3": {
      "inputs": {
        "systems": "systems_4"
      },
      "locked": {
        "lastModified": 1731533236,
        "narHash": "sha256-l0KFg5HjrsfsO/JpG+r7fRrqm12kzFHyUHqHCVpMMbI=",
        "owner": "numtide",
        "repo": "flake-utils",
        "rev": "11707dc2f618dd54ca8739b309ec4fc024de578b",
        "type": "github"
      },
      "original": {
        "owner": "numtide",
        "repo": "flake-utils",
        "type": "github"
      }
    },
    "home-manager": {
      "inputs": {
        "nixpkgs": [
          "nixpkgs"
        ]
      },
      "locked": {
        "lastModified": 1781981105,
        "narHash": "sha256-/1nNBbA7PrSQpTc9Qazkhl4kIPg+TNl0CjxS3UQJKlw=",
        "owner": "nix-community",
        "repo": "home-manager",
        "rev": "7bfff44b465909f69a442701293bc0badcf476dc",
        "type": "github"
      },
      "original": {
        "owner": "nix-community",
        "ref": "release-26.05",
        "repo": "home-manager",
        "type": "github"
      }
    },
    "jac-nvim": {
      "flake": false,
      "locked": {
        "lastModified": 1782171868,
        "narHash": "sha256-dsZ7tysfAcNVv9qPPyItR6S+F/w/74dBgVAkMuSWNo4=",
        "owner": "chess10kp",
        "repo": "jac.nvim",
        "rev": "5b5fd84c2c3bd07e1fd50660d9ba76d4c66cf44f",
        "type": "github"
      },
      "original": {
        "owner": "chess10kp",
        "repo": "jac.nvim",
        "type": "github"
      }
    },
    "nix-darwin": {
      "inputs": {
        "nixpkgs": [
          "nixpkgs"
        ]
      },
      "locked": {
        "lastModified": 1781772065,
        "narHash": "sha256-xIbRSwDB1GBAUsWsQZUjudGfAGQt3BOpsWaO/ugVa4w=",
        "owner": "nix-darwin",
        "repo": "nix-darwin",
        "rev": "adda04f0bf4819575b1978c2f8d78401b3c2be12",
        "type": "github"
      },
      "original": {
        "owner": "nix-darwin",
        "ref": "nix-darwin-26.05",
        "repo": "nix-darwin",
        "type": "github"
      }
    },
    "nixpkgs": {
      "locked": {
        "lastModified": 1782233679,
        "narHash": "sha256-QyuGP5+QOtmXpy4i2X4DhBVBaySBdDKQEhqKcphcp34=",
        "owner": "NixOS",
        "repo": "nixpkgs",
        "rev": "667d5cf1c59585031d743c78b394b0a647537c35",
        "type": "github"
      },
      "original": {
        "owner": "NixOS",
        "ref": "nixos-26.05",
        "repo": "nixpkgs",
        "type": "github"
      }
    },
    "nixpkgs_2": {
      "locked": {
        "lastModified": 1780243769,
        "narHash": "sha256-x5UQuRsH3MqI0U9afaXSNqzTPSeZlRLvFAav2Ux1pNw=",
        "owner": "NixOS",
        "repo": "nixpkgs",
        "rev": "331800de5053fcebacf6813adb5db9c9dca22a0c",
        "type": "github"
      },
      "original": {
        "owner": "NixOS",
        "ref": "nixos-unstable",
        "repo": "nixpkgs",
        "type": "github"
      }
    },
    "nixvim": {
      "inputs": {
        "flake-parts": "flake-parts",
        "nixpkgs": [
          "nixpkgs"
        ],
        "systems": "systems_3"
      },
      "locked": {
        "lastModified": 1781971008,
        "narHash": "sha256-T2u2RQZWKvD1J+TgcxjiJr8IymBr/PrUNeAGhMZFZU4=",
        "owner": "nix-community",
        "repo": "nixvim",
        "rev": "7afca458f064f166d3a9c98db3b41a984fe46492",
        "type": "github"
      },
      "original": {
        "owner": "nix-community",
        "ref": "nixos-26.05",
        "repo": "nixvim",
        "type": "github"
      }
    },
    "root": {
      "inputs": {
        "charcoal": "charcoal",
        "concord": "concord",
        "firefox-addons": "firefox-addons",
        "home-manager": "home-manager",
        "jac-nvim": "jac-nvim",
        "nix-darwin": "nix-darwin",
        "nixpkgs": "nixpkgs",
        "nixvim": "nixvim",
        "sops-nix": "sops-nix",
        "tree-sitter-jac": "tree-sitter-jac",
        "unbill": "unbill",
        "wallpkgs": "wallpkgs"
      }
    },
    "rust-overlay": {
      "inputs": {
        "nixpkgs": [
          "concord",
          "nixpkgs"
        ]
      },
      "locked": {
        "lastModified": 1778210054,
        "narHash": "sha256-iYINsX0BVDxTXd0z4FzDpBYHZ9fWUtwjG9cKSXwe9Tg=",
        "owner": "oxalica",
        "repo": "rust-overlay",
        "rev": "bc83d66023d19fb301ee98772643b24b6129ef48",
        "type": "github"
      },
      "original": {
        "owner": "oxalica",
        "repo": "rust-overlay",
        "type": "github"
      }
    },
    "rust-overlay_2": {
      "inputs": {
        "nixpkgs": [
          "unbill",
          "nixpkgs"
        ]
      },
      "locked": {
        "lastModified": 1780543271,
        "narHash": "sha256-oPJ7eJN1sM37v92Rp/eyQL7/rUm0BOvXEBAoq/zN0cM=",
        "owner": "oxalica",
        "repo": "rust-overlay",
        "rev": "c30ca201c5093540cf792f6982f81ba1aa0f3514",
        "type": "github"
      },
      "original": {
        "owner": "oxalica",
        "repo": "rust-overlay",
        "type": "github"
      }
    },
    "sops-nix": {
      "inputs": {
        "nixpkgs": [
          "nixpkgs"
        ]
      },
      "locked": {
        "lastModified": 1783174389,
        "narHash": "sha256-aCWC8ngycU7OdJrU2+Je3qf+1a2ykuBvpPhZT/9tXMc=",
        "owner": "Mic92",
        "repo": "sops-nix",
        "rev": "f1406619a3884cd5c47992a70b8b35c9c0fcb4c9",
        "type": "github"
      },
      "original": {
        "owner": "Mic92",
        "repo": "sops-nix",
        "type": "github"
      }
    },
    "systems": {
      "locked": {
        "lastModified": 1681028828,
        "narHash": "sha256-Vy1rq5AaRuLzOxct8nz4T6wlgyUR7zLU309k9mBC768=",
        "owner": "nix-systems",
        "repo": "default",
        "rev": "da67096a3b9bf56a91d16901293e51ba5b49a27e",
        "type": "github"
      },
      "original": {
        "owner": "nix-systems",
        "repo": "default",
        "type": "github"
      }
    },
    "systems_2": {
      "locked": {
        "lastModified": 1681028828,
        "narHash": "sha256-Vy1rq5AaRuLzOxct8nz4T6wlgyUR7zLU309k9mBC768=",
        "owner": "nix-systems",
        "repo": "default",
        "rev": "da67096a3b9bf56a91d16901293e51ba5b49a27e",
        "type": "github"
      },
      "original": {
        "owner": "nix-systems",
        "repo": "default",
        "type": "github"
      }
    },
    "systems_3": {
      "locked": {
        "lastModified": 1681028828,
        "narHash": "sha256-Vy1rq5AaRuLzOxct8nz4T6wlgyUR7zLU309k9mBC768=",
        "owner": "nix-systems",
        "repo": "default",
        "rev": "da67096a3b9bf56a91d16901293e51ba5b49a27e",
        "type": "github"
      },
      "original": {
        "owner": "nix-systems",
        "repo": "default",
        "type": "github"
      }
    },
    "systems_4": {
      "locked": {
        "lastModified": 1681028828,
        "narHash": "sha256-Vy1rq5AaRuLzOxct8nz4T6wlgyUR7zLU309k9mBC768=",
        "owner": "nix-systems",
        "repo": "default",
        "rev": "da67096a3b9bf56a91d16901293e51ba5b49a27e",
        "type": "github"
      },
      "original": {
        "owner": "nix-systems",
        "repo": "default",
        "type": "github"
      }
    },
    "tree-sitter-jac": {
      "flake": false,
      "locked": {
        "lastModified": 1781962204,
        "narHash": "sha256-R/LcuNqeVJXdMeMBO6yLB6hs7efpe2H0j8ooez4549Y=",
        "owner": "jaseci-labs",
        "repo": "tree-sitter-jac",
        "rev": "825e595d3cd7cb752616175db1c1aa7bb47e5e50",
        "type": "github"
      },
      "original": {
        "owner": "jaseci-labs",
        "repo": "tree-sitter-jac",
        "type": "github"
      }
    },
    "unbill": {
      "inputs": {
        "crane": "crane_2",
        "flake-utils": "flake-utils_3",
        "nixpkgs": "nixpkgs_2",
        "rust-overlay": "rust-overlay_2"
      },
      "locked": {
        "lastModified": 1781730457,
        "narHash": "sha256-gmSALj8Feb66t1jBgRNtIVEqImrHn6sIPtsjwNHo+u8=",
        "owner": "unbill-project",
        "repo": "unbill",
        "rev": "b7409c1f43493117f1e333eab883b164b631bec2",
        "type": "github"
      },
      "original": {
        "owner": "unbill-project",
        "ref": "main",
        "repo": "unbill",
        "type": "github"
      }
    },
    "wallpkgs": {
      "locked": {
        "lastModified": 1779053539,
        "narHash": "sha256-EQfScEeutDGzrZnD9gy5OyAwy3t2TUxkC0JwflbOD98=",
        "owner": "NotAShelf",
        "repo": "wallpkgs",
        "rev": "066caa0e504d642986dba696ae5350e4fc1f4f5b",
        "type": "github"
      },
      "original": {
        "owner": "NotAShelf",
        "repo": "wallpkgs",
        "type": "github"
      }
    }
  },
  "root": "root",
  "version": 7
}
